
Microsoft Visual Studio Solution File, Format Version 12.00
# Visual Studio Version 17
VisualStudioVersion = 17.7.34031.279
MinimumVisualStudioVersion = 10.0.40219.1
Project("{9A19103F-16F7-4668-BE54-9A1E7A4F7556}") = "BASIC_CSHARP", "HOMEWORK\BASIC_CSHARP.csproj", "{5EFB584B-92EE-4DBD-AB26-7C1A2D3A5260}"
EndProject
Project("{9A19103F-16F7-4668-BE54-9A1E7A4F7556}") = "OOPS PROJECT", "OOPS\OOPS PROJECT.csproj", "{5CAFB155-BA68-4F63-8DFC-7D6915D3EC0C}"
EndProject
Project("{9A19103F-16F7-4668-BE54-9A1E7A4F7556}") = "SmallProjects", "SmallProjects\SmallProjects.csproj", "{8DCE3ABC-F9B6-4DD3-8F6C-950CD98D8743}"
EndProject
Project("{9A19103F-16F7-4668-BE54-9A1E7A4F7556}") = "PRACTISPRO1", "PRACTISPRO1\PRACTISPRO1.csproj", "{B9DA49B9-487F-40B6-9B7D-8320D7E81D74}"
EndProject
Project("{9A19103F-16F7-4668-BE54-9A1E7A4F7556}") = "BASICPROJECT1", "BASICPROJECT1\BASICPROJECT1.csproj", "{64F6EB4B-D46B-4E37-9856-36D3132FC006}"
EndProject
Project("{FAE04EC0-301F-11D3-BF4B-00C04F79EFBC}") = "Demo", "Demo\Demo.csproj", "{D0723327-DF79-4F21-AD23-6CF0057682FA}"
EndProject
Global
	GlobalSection(SolutionConfigurationPlatforms) = preSolution
		Debug|Any CPU = Debug|Any CPU
		Release|Any CPU = Release|Any CPU
	EndGlobalSection
	GlobalSection(ProjectConfigurationPlatforms) = postSolution
		{5EFB584B-92EE-4DBD-AB26-7C1A2D3A5260}.Debug|Any CPU.ActiveCfg = Debug|Any CPU
		{5EFB584B-92EE-4DBD-AB26-7C1A2D3A5260}.Debug|Any CPU.Build.0 = Debug|Any CPU
		{5EFB584B-92EE-4DBD-AB26-7C1A2D3A5260}.Release|Any CPU.ActiveCfg = Release|Any CPU
		{5EFB584B-92EE-4DBD-AB26-7C1A2D3A5260}.Release|Any CPU.Build.0 = Release|Any CPU
		{5CAFB155-BA68-4F63-8DFC-7D6915D3EC0C}.Debug|Any CPU.ActiveCfg = Debug|Any CPU
		{5CAFB155-BA68-4F63-8DFC-7D6915D3EC0C}.Debug|Any CPU.Build.0 = Debug|Any CPU
		{5CAFB155-BA68-4F63-8DFC-7D6915D3EC0C}.Release|Any CPU.ActiveCfg = Release|Any CPU
		{5CAFB155-BA68-4F63-8DFC-7D6915D3EC0C}.Release|Any CPU.Build.0 = Release|Any CPU
		{8DCE3ABC-F9B6-4DD3-8F6C-950CD98D8743}.Debug|Any CPU.ActiveCfg = Debug|Any CPU
		{8DCE3ABC-F9B6-4DD3-8F6C-950CD98D8743}.Debug|Any CPU.Build.0 = Debug|Any CPU
		{8DCE3ABC-F9B6-4DD3-8F6C-950CD98D8743}.Release|Any CPU.ActiveCfg = Release|Any CPU
		{8DCE3ABC-F9B6-4DD3-8F6C-950CD98D8743}.Release|Any CPU.Build.0 = Release|Any CPU
		{B9DA49B9-487F-40B6-9B7D-8320D7E81D74}.Debug|Any CPU.ActiveCfg = Debug|Any CPU
		{B9DA49B9-487F-40B6-9B7D-8320D7E81D74}.Debug|Any CPU.Build.0 = Debug|Any CPU
		{B9DA49B9-487F-40B6-9B7D-8320D7E81D74}.Release|Any CPU.ActiveCfg = Release|Any CPU
		{B9DA49B9-487F-40B6-9B7D-8320D7E81D74}.Release|Any CPU.Build.0 = Release|Any CPU
		{64F6EB4B-D46B-4E37-9856-36D3132FC006}.Debug|Any CPU.ActiveCfg = Debug|Any CPU
		{64F6EB4B-D46B-4E37-9856-36D3132FC006}.Debug|Any CPU.Build.0 = Debug|Any CPU
		{64F6EB4B-D46B-4E37-9856-36D3132FC006}.Release|Any CPU.ActiveCfg = Release|Any CPU
		{64F6EB4B-D46B-4E37-9856-36D3132FC006}.Release|Any CPU.Build.0 = Release|Any CPU
		{D0723327-DF79-4F21-AD23-6CF0057682FA}.Debug|Any CPU.ActiveCfg = Debug|Any CPU
		{D0723327-DF79-4F21-AD23-6CF0057682FA}.Debug|Any CPU.Build.0 = Debug|Any CPU
		{D0723327-DF79-4F21-AD23-6CF0057682FA}.Release|Any CPU.ActiveCfg = Release|Any CPU
		{D0723327-DF79-4F21-AD23-6CF0057682FA}.Release|Any CPU.Build.0 = Release|Any CPU
	EndGlobalSection
	GlobalSection(SolutionProperties) = preSolution
		HideSolutionNode = FALSE
	EndGlobalSection
	GlobalSection(ExtensibilityGlobals) = postSolution
		SolutionGuid = {80BDDB69-BC2B-4F2D-A82F-F54BDB95FCB0}
	EndGlobalSection
EndGlobal
